
Microsoft Visual Studio Solution File, Format Version 12.00
# Visual Studio 15
Project("{FAE04EC0-301F-11D3-BF4B-00C04F79EFBC}") = "ultimateTicTacToe", "ultimateTicTacToe\ultimateTicTacToe.csproj", "{08BA2756-4967-4ADC-832D-164CC16E4E1C}"
EndProject
Project("{FAE04EC0-301F-11D3-BF4B-00C04F79EFBC}") = "Tests", "Tests\Tests.csproj", "{168C790E-D691-4927-94D5-EDBFB1A33FE9}"
EndProject
Global
	GlobalSection(SolutionConfigurationPlatforms) = preSolution
		Debug|Any CPU = Debug|Any CPU
		Release|Any CPU = Release|Any CPU
	EndGlobalSection
	GlobalSection(ProjectConfigurationPlatforms) = postSolution
		{08BA2756-4967-4ADC-832D-164CC16E4E1C}.Debug|Any CPU.ActiveCfg = Debug|Any CPU
		{08BA2756-4967-4ADC-832D-164CC16E4E1C}.Debug|Any CPU.Build.0 = Debug|Any CPU
		{08BA2756-4967-4ADC-832D-164CC16E4E1C}.Release|Any CPU.ActiveCfg = Release|Any CPU
		{08BA2756-4967-4ADC-832D-164CC16E4E1C}.Release|Any CPU.Build.0 = Release|Any CPU
		{168C790E-D691-4927-94D5-EDBFB1A33FE9}.Debug|Any CPU.ActiveCfg = Debug|Any CPU
		{168C790E-D691-4927-94D5-EDBFB1A33FE9}.Debug|Any CPU.Build.0 = Debug|Any CPU
		{168C790E-D691-4927-94D5-EDBFB1A33FE9}.Release|Any CPU.ActiveCfg = Release|Any CPU
		{168C790E-D691-4927-94D5-EDBFB1A33FE9}.Release|Any CPU.Build.0 = Release|Any CPU
	EndGlobalSection
EndGlobal
